
Microsoft Visual Studio Solution File, Format Version 12.00
# Visual Studio Version 17
VisualStudioVersion = 17.5.002.0
MinimumVisualStudioVersion = 10.0.40219.1
Project("{9A19103F-16F7-4668-BE54-9A1E7A4F7556}") = "dio-c#", "dio-c#.csproj", "{B9BBC00B-C347-44E8-8450-1265832E4A39}"
EndProject
Global
	GlobalSection(SolutionConfigurationPlatforms) = preSolution
		Debug|Any CPU = Debug|Any CPU
		Release|Any CPU = Release|Any CPU
	EndGlobalSection
	GlobalSection(ProjectConfigurationPlatforms) = postSolution
		{B9BBC00B-C347-44E8-8450-1265832E4A39}.Debug|Any CPU.ActiveCfg = Debug|Any CPU
		{B9BBC00B-C347-44E8-8450-1265832E4A39}.Debug|Any CPU.Build.0 = Debug|Any CPU
		{B9BBC00B-C347-44E8-8450-1265832E4A39}.Release|Any CPU.ActiveCfg = Release|Any CPU
		{B9BBC00B-C347-44E8-8450-1265832E4A39}.Release|Any CPU.Build.0 = Release|Any CPU
	EndGlobalSection
	GlobalSection(SolutionProperties) = preSolution
		HideSolutionNode = FALSE
	EndGlobalSection
	GlobalSection(ExtensibilityGlobals) = postSolution
		SolutionGuid = {8372CA55-651B-40F2-8741-96FFAD187371}
	EndGlobalSection
EndGlobal
